
Microsoft Visual Studio Solution File, Format Version 12.00
# Visual Studio Version 17
VisualStudioVersion = 17.5.33414.496
MinimumVisualStudioVersion = 10.0.40219.1
Project("{FAE04EC0-301F-11D3-BF4B-00C04F79EFBC}") = "StudentManagementSystem.AdoNet", "StudentManagementSystem.AdoNet\StudentManagementSystem.AdoNet.csproj", "{EC33AA26-F130-4D77-B97D-BC32BE3FA701}"
EndProject
Project("{FAE04EC0-301F-11D3-BF4B-00C04F79EFBC}") = "StudentManagementSystem.WinForms", "StudentManagementSystem.WinForms\StudentManagementSystem.WinForms.csproj", "{2D609986-84C9-47D9-8137-7B2B3AA35B7C}"
EndProject
Project("{FAE04EC0-301F-11D3-BF4B-00C04F79EFBC}") = "StudentManagementSystem.EF", "StudentManagementSystem.EF\StudentManagementSystem.EF.csproj", "{AD3D3B2A-0C5C-4816-B76F-E6680DDCD787}"
EndProject
Project("{FAE04EC0-301F-11D3-BF4B-00C04F79EFBC}") = "StudentManagementSystem.Models", "StudentManagementSystem.Models\StudentManagementSystem.Models.csproj", "{22DA790A-F322-4BAC-8D07-1320B0D6518F}"
EndProject
Global
	GlobalSection(SolutionConfigurationPlatforms) = preSolution
		Debug|Any CPU = Debug|Any CPU
		Release|Any CPU = Release|Any CPU
	EndGlobalSection
	GlobalSection(ProjectConfigurationPlatforms) = postSolution
		{EC33AA26-F130-4D77-B97D-BC32BE3FA701}.Debug|Any CPU.ActiveCfg = Debug|Any CPU
		{EC33AA26-F130-4D77-B97D-BC32BE3FA701}.Debug|Any CPU.Build.0 = Debug|Any CPU
		{EC33AA26-F130-4D77-B97D-BC32BE3FA701}.Release|Any CPU.ActiveCfg = Release|Any CPU
		{EC33AA26-F130-4D77-B97D-BC32BE3FA701}.Release|Any CPU.Build.0 = Release|Any CPU
		{2D609986-84C9-47D9-8137-7B2B3AA35B7C}.Debug|Any CPU.ActiveCfg = Debug|Any CPU
		{2D609986-84C9-47D9-8137-7B2B3AA35B7C}.Debug|Any CPU.Build.0 = Debug|Any CPU
		{2D609986-84C9-47D9-8137-7B2B3AA35B7C}.Release|Any CPU.ActiveCfg = Release|Any CPU
		{2D609986-84C9-47D9-8137-7B2B3AA35B7C}.Release|Any CPU.Build.0 = Release|Any CPU
		{AD3D3B2A-0C5C-4816-B76F-E6680DDCD787}.Debug|Any CPU.ActiveCfg = Debug|Any CPU
		{AD3D3B2A-0C5C-4816-B76F-E6680DDCD787}.Debug|Any CPU.Build.0 = Debug|Any CPU
		{AD3D3B2A-0C5C-4816-B76F-E6680DDCD787}.Release|Any CPU.ActiveCfg = Release|Any CPU
		{AD3D3B2A-0C5C-4816-B76F-E6680DDCD787}.Release|Any CPU.Build.0 = Release|Any CPU
		{22DA790A-F322-4BAC-8D07-1320B0D6518F}.Debug|Any CPU.ActiveCfg = Debug|Any CPU
		{22DA790A-F322-4BAC-8D07-1320B0D6518F}.Debug|Any CPU.Build.0 = Debug|Any CPU
		{22DA790A-F322-4BAC-8D07-1320B0D6518F}.Release|Any CPU.ActiveCfg = Release|Any CPU
		{22DA790A-F322-4BAC-8D07-1320B0D6518F}.Release|Any CPU.Build.0 = Release|Any CPU
	EndGlobalSection
	GlobalSection(SolutionProperties) = preSolution
		HideSolutionNode = FALSE
	EndGlobalSection
	GlobalSection(ExtensibilityGlobals) = postSolution
		SolutionGuid = {AFB8FAFB-FDC2-45CC-9FF9-D8260A9CC450}
	EndGlobalSection
EndGlobal
