
Microsoft Visual Studio Solution File, Format Version 12.00
# Visual Studio Version 17
VisualStudioVersion = 17.5.33414.496
MinimumVisualStudioVersion = 10.0.40219.1
Project("{FAE04EC0-301F-11D3-BF4B-00C04F79EFBC}") = "MyAppBank", "MyAppBank\MyAppBank.csproj", "{0A4A884B-F51F-4E13-BA16-AECD7ECE3C6C}"
EndProject
Global
	GlobalSection(SolutionConfigurationPlatforms) = preSolution
		Debug|Any CPU = Debug|Any CPU
		Release|Any CPU = Release|Any CPU
	EndGlobalSection
	GlobalSection(ProjectConfigurationPlatforms) = postSolution
		{0A4A884B-F51F-4E13-BA16-AECD7ECE3C6C}.Debug|Any CPU.ActiveCfg = Debug|Any CPU
		{0A4A884B-F51F-4E13-BA16-AECD7ECE3C6C}.Debug|Any CPU.Build.0 = Debug|Any CPU
		{0A4A884B-F51F-4E13-BA16-AECD7ECE3C6C}.Release|Any CPU.ActiveCfg = Release|Any CPU
		{0A4A884B-F51F-4E13-BA16-AECD7ECE3C6C}.Release|Any CPU.Build.0 = Release|Any CPU
	EndGlobalSection
	GlobalSection(SolutionProperties) = preSolution
		HideSolutionNode = FALSE
	EndGlobalSection
	GlobalSection(ExtensibilityGlobals) = postSolution
		SolutionGuid = {2DE080AB-F5F4-462E-8F48-85A5BE9A9E53}
	EndGlobalSection
EndGlobal
