
Microsoft Visual Studio Solution File, Format Version 12.00
# Visual Studio Version 17
VisualStudioVersion = 17.5.33414.496
MinimumVisualStudioVersion = 10.0.40219.1
Project("{FAE04EC0-301F-11D3-BF4B-00C04F79EFBC}") = "MyApp1a", "MyApp1a\MyApp1a.csproj", "{C7EE914B-0D57-4454-8DF7-1BE6B7EFBBB5}"
EndProject
Global
	GlobalSection(SolutionConfigurationPlatforms) = preSolution
		Debug|Any CPU = Debug|Any CPU
		Release|Any CPU = Release|Any CPU
	EndGlobalSection
	GlobalSection(ProjectConfigurationPlatforms) = postSolution
		{C7EE914B-0D57-4454-8DF7-1BE6B7EFBBB5}.Debug|Any CPU.ActiveCfg = Debug|Any CPU
		{C7EE914B-0D57-4454-8DF7-1BE6B7EFBBB5}.Debug|Any CPU.Build.0 = Debug|Any CPU
		{C7EE914B-0D57-4454-8DF7-1BE6B7EFBBB5}.Release|Any CPU.ActiveCfg = Release|Any CPU
		{C7EE914B-0D57-4454-8DF7-1BE6B7EFBBB5}.Release|Any CPU.Build.0 = Release|Any CPU
	EndGlobalSection
	GlobalSection(SolutionProperties) = preSolution
		HideSolutionNode = FALSE
	EndGlobalSection
	GlobalSection(ExtensibilityGlobals) = postSolution
		SolutionGuid = {8EFA326B-80FE-4424-B725-29E2A2196B65}
	EndGlobalSection
EndGlobal
