
Microsoft Visual Studio Solution File, Format Version 12.00
# Visual Studio Version 17
VisualStudioVersion = 17.5.33414.496
MinimumVisualStudioVersion = 10.0.40219.1
Project("{FAE04EC0-301F-11D3-BF4B-00C04F79EFBC}") = "LogSystem", "LogSystem\LogSystem.csproj", "{3E5DBC7F-9087-45FC-815A-AC6E4AE79D76}"
EndProject
Project("{FAE04EC0-301F-11D3-BF4B-00C04F79EFBC}") = "Tests", "Tests\Tests.csproj", "{30540A9A-223D-42A1-B3B3-0E1458DAE3CE}"
EndProject
Global
	GlobalSection(SolutionConfigurationPlatforms) = preSolution
		Debug|Any CPU = Debug|Any CPU
		Release|Any CPU = Release|Any CPU
	EndGlobalSection
	GlobalSection(ProjectConfigurationPlatforms) = postSolution
		{3E5DBC7F-9087-45FC-815A-AC6E4AE79D76}.Debug|Any CPU.ActiveCfg = Debug|Any CPU
		{3E5DBC7F-9087-45FC-815A-AC6E4AE79D76}.Debug|Any CPU.Build.0 = Debug|Any CPU
		{3E5DBC7F-9087-45FC-815A-AC6E4AE79D76}.Release|Any CPU.ActiveCfg = Release|Any CPU
		{3E5DBC7F-9087-45FC-815A-AC6E4AE79D76}.Release|Any CPU.Build.0 = Release|Any CPU
		{30540A9A-223D-42A1-B3B3-0E1458DAE3CE}.Debug|Any CPU.ActiveCfg = Debug|Any CPU
		{30540A9A-223D-42A1-B3B3-0E1458DAE3CE}.Debug|Any CPU.Build.0 = Debug|Any CPU
		{30540A9A-223D-42A1-B3B3-0E1458DAE3CE}.Release|Any CPU.ActiveCfg = Release|Any CPU
		{30540A9A-223D-42A1-B3B3-0E1458DAE3CE}.Release|Any CPU.Build.0 = Release|Any CPU
	EndGlobalSection
	GlobalSection(SolutionProperties) = preSolution
		HideSolutionNode = FALSE
	EndGlobalSection
	GlobalSection(ExtensibilityGlobals) = postSolution
		SolutionGuid = {D3E50604-A527-417C-BEF5-2F2713BEFA8B}
	EndGlobalSection
EndGlobal
